
Microsoft Visual Studio Solution File, Format Version 12.00
# Visual Studio 15
VisualStudioVersion = 15.0.28010.2046
MinimumVisualStudioVersion = 10.0.40219.1
Project("{FAE04EC0-301F-11D3-BF4B-00C04F79EFBC}") = "QuanLyCuaHangDienThoai", "QuanLyCuaHangDienThoai\QuanLyCuaHangDienThoai.csproj", "{494AE0C0-8DF9-4F53-8D96-21A60885D911}"
EndProject
Global
	GlobalSection(SolutionConfigurationPlatforms) = preSolution
		Debug|Any CPU = Debug|Any CPU
		Release|Any CPU = Release|Any CPU
	EndGlobalSection
	GlobalSection(ProjectConfigurationPlatforms) = postSolution
		{494AE0C0-8DF9-4F53-8D96-21A60885D911}.Debug|Any CPU.ActiveCfg = Debug|Any CPU
		{494AE0C0-8DF9-4F53-8D96-21A60885D911}.Debug|Any CPU.Build.0 = Debug|Any CPU
		{494AE0C0-8DF9-4F53-8D96-21A60885D911}.Release|Any CPU.ActiveCfg = Release|Any CPU
		{494AE0C0-8DF9-4F53-8D96-21A60885D911}.Release|Any CPU.Build.0 = Release|Any CPU
	EndGlobalSection
	GlobalSection(SolutionProperties) = preSolution
		HideSolutionNode = FALSE
	EndGlobalSection
	GlobalSection(ExtensibilityGlobals) = postSolution
		SolutionGuid = {0751B516-5375-4A3F-B3E3-0F8AA4756755}
	EndGlobalSection
EndGlobal
